
Microsoft Visual Studio Solution File, Format Version 12.00
# Visual Studio Version 17
VisualStudioVersion = 17.8.34525.116
MinimumVisualStudioVersion = 10.0.40219.1
Project("{FAE04EC0-301F-11D3-BF4B-00C04F79EFBC}") = "week13sqldatab", "week13sqldatab\week13sqldatab.csproj", "{ED3E01B6-02AB-45FC-B21B-F7E8BAD1F09E}"
EndProject
Global
	GlobalSection(SolutionConfigurationPlatforms) = preSolution
		Debug|Any CPU = Debug|Any CPU
		Release|Any CPU = Release|Any CPU
	EndGlobalSection
	GlobalSection(ProjectConfigurationPlatforms) = postSolution
		{ED3E01B6-02AB-45FC-B21B-F7E8BAD1F09E}.Debug|Any CPU.ActiveCfg = Debug|Any CPU
		{ED3E01B6-02AB-45FC-B21B-F7E8BAD1F09E}.Debug|Any CPU.Build.0 = Debug|Any CPU
		{ED3E01B6-02AB-45FC-B21B-F7E8BAD1F09E}.Release|Any CPU.ActiveCfg = Release|Any CPU
		{ED3E01B6-02AB-45FC-B21B-F7E8BAD1F09E}.Release|Any CPU.Build.0 = Release|Any CPU
	EndGlobalSection
	GlobalSection(SolutionProperties) = preSolution
		HideSolutionNode = FALSE
	EndGlobalSection
	GlobalSection(ExtensibilityGlobals) = postSolution
		SolutionGuid = {419321E2-2FA1-46FC-89E8-81D5190407A4}
	EndGlobalSection
EndGlobal
